// !$*UTF8*$!
{
	archiveVersion = 1;
	classes = {
	};
	objectVersion = 55;
	objects = {

/* Begin PBXBuildFile section */
		7B97269F78BEA2A85187DDF9 /* Pods_pizzaTestApp.framework in Frameworks */ = {isa = PBXBuildFile; fileRef = E73FC9224701FA75332469CD /* Pods_pizzaTestApp.framework */; };
		D941C8E129DC1A0C00BD570C /* MenuViewProtocol.swift in Sources */ = {isa = PBXBuildFile; fileRef = D941C8E029DC1A0C00BD570C /* MenuViewProtocol.swift */; };
		D941C8E329DC1A2A00BD570C /* MenuViewPresenterProtocol.swift in Sources */ = {isa = PBXBuildFile; fileRef = D941C8E229DC1A2A00BD570C /* MenuViewPresenterProtocol.swift */; };
		D941C8E529DC1B7300BD570C /* BuilderProtocol.swift in Sources */ = {isa = PBXBuildFile; fileRef = D941C8E429DC1B7300BD570C /* BuilderProtocol.swift */; };
		D9C00C9D29DA1BB600BEEE72 /* AppDelegate.swift in Sources */ = {isa = PBXBuildFile; fileRef = D9C00C9C29DA1BB600BEEE72 /* AppDelegate.swift */; };
		D9C00C9F29DA1BB600BEEE72 /* SceneDelegate.swift in Sources */ = {isa = PBXBuildFile; fileRef = D9C00C9E29DA1BB600BEEE72 /* SceneDelegate.swift */; };
		D9C00CA129DA1BB600BEEE72 /* TabBarViewController.swift in Sources */ = {isa = PBXBuildFile; fileRef = D9C00CA029DA1BB600BEEE72 /* TabBarViewController.swift */; };
		D9C00CA629DA1BBA00BEEE72 /* Assets.xcassets in Resources */ = {isa = PBXBuildFile; fileRef = D9C00CA529DA1BBA00BEEE72 /* Assets.xcassets */; };
		D9C00CA929DA1BBA00BEEE72 /* LaunchScreen.storyboard in Resources */ = {isa = PBXBuildFile; fileRef = D9C00CA729DA1BBA00BEEE72 /* LaunchScreen.storyboard */; };
		D9C00CB229DA241900BEEE72 /* MenuViewController.swift in Sources */ = {isa = PBXBuildFile; fileRef = D9C00CB129DA241900BEEE72 /* MenuViewController.swift */; };
		D9C00CB429DA26F100BEEE72 /* Colors.swift in Sources */ = {isa = PBXBuildFile; fileRef = D9C00CB329DA26F100BEEE72 /* Colors.swift */; };
		D9C00CB629DA272100BEEE72 /* UIColor+Hex.swift in Sources */ = {isa = PBXBuildFile; fileRef = D9C00CB529DA272100BEEE72 /* UIColor+Hex.swift */; };
		D9C00CB929DA29F900BEEE72 /* BannerCell.swift in Sources */ = {isa = PBXBuildFile; fileRef = D9C00CB829DA29F900BEEE72 /* BannerCell.swift */; };
		D9C00CBB29DA2CB900BEEE72 /* UIView+MakeRounded.swift in Sources */ = {isa = PBXBuildFile; fileRef = D9C00CBA29DA2CB900BEEE72 /* UIView+MakeRounded.swift */; };
		D9C00CBD29DA35B500BEEE72 /* SFUIDisplay-Medium.otf in Resources */ = {isa = PBXBuildFile; fileRef = D9C00CBC29DA35B500BEEE72 /* SFUIDisplay-Medium.otf */; };
		D9C00CC029DA365600BEEE72 /* Fonts.swift in Sources */ = {isa = PBXBuildFile; fileRef = D9C00CBF29DA365600BEEE72 /* Fonts.swift */; };
		D9C00CC229DA396200BEEE72 /* NetworkService.swift in Sources */ = {isa = PBXBuildFile; fileRef = D9C00CC129DA396200BEEE72 /* NetworkService.swift */; };
		D9D16FF029DC1CB8007013B8 /* DishesModel.swift in Sources */ = {isa = PBXBuildFile; fileRef = D9D16FED29DC1CB8007013B8 /* DishesModel.swift */; };
		D9D16FF129DC1CB8007013B8 /* BannerModel.swift in Sources */ = {isa = PBXBuildFile; fileRef = D9D16FEE29DC1CB8007013B8 /* BannerModel.swift */; };
		D9D16FF229DC1CB8007013B8 /* CategoryModel.swift in Sources */ = {isa = PBXBuildFile; fileRef = D9D16FEF29DC1CB8007013B8 /* CategoryModel.swift */; };
		D9DAC02129DACC00003B2B9B /* NetworkServiceProtocol.swift in Sources */ = {isa = PBXBuildFile; fileRef = D9DAC02029DACC00003B2B9B /* NetworkServiceProtocol.swift */; };
		D9DAC02429DACD42003B2B9B /* MenuPresenter.swift in Sources */ = {isa = PBXBuildFile; fileRef = D9DAC02329DACD42003B2B9B /* MenuPresenter.swift */; };
		D9DAC02729DAD3F6003B2B9B /* ModelBuilder.swift in Sources */ = {isa = PBXBuildFile; fileRef = D9DAC02629DAD3F6003B2B9B /* ModelBuilder.swift */; };
		D9DAC02929DAE049003B2B9B /* CategoriesCell.swift in Sources */ = {isa = PBXBuildFile; fileRef = D9DAC02829DAE049003B2B9B /* CategoriesCell.swift */; };
		D9DAC02D29DAE70C003B2B9B /* SectionType.swift in Sources */ = {isa = PBXBuildFile; fileRef = D9DAC02C29DAE70C003B2B9B /* SectionType.swift */; };
		D9DAC02F29DAEA29003B2B9B /* SFUIDisplay-Bold.otf in Resources */ = {isa = PBXBuildFile; fileRef = D9DAC02E29DAEA28003B2B9B /* SFUIDisplay-Bold.otf */; };
		D9DAC03329DAF8D6003B2B9B /* SFUIDisplay-Regular.ttf in Resources */ = {isa = PBXBuildFile; fileRef = D9DAC03229DAF8D6003B2B9B /* SFUIDisplay-Regular.ttf */; };
		D9DAC03729DB0F1B003B2B9B /* DishesCell.swift in Sources */ = {isa = PBXBuildFile; fileRef = D9DAC03629DB0F1B003B2B9B /* DishesCell.swift */; };
		D9DAC03929DB1069003B2B9B /* EndPointType.swift in Sources */ = {isa = PBXBuildFile; fileRef = D9DAC03829DB1069003B2B9B /* EndPointType.swift */; };
		D9DAC03B29DB1984003B2B9B /* SFUIDisplay-SemiBold.otf in Resources */ = {isa = PBXBuildFile; fileRef = D9DAC03A29DB1984003B2B9B /* SFUIDisplay-SemiBold.otf */; };
		D9DAC04329DB2F38003B2B9B /* JSON.json in Resources */ = {isa = PBXBuildFile; fileRef = D9DAC04229DB2F38003B2B9B /* JSON.json */; };
		D9DAC04529DB4799003B2B9B /* CategoriesCollectionView.swift in Sources */ = {isa = PBXBuildFile; fileRef = D9DAC04429DB4799003B2B9B /* CategoriesCollectionView.swift */; };
		D9DAC04929DB4D35003B2B9B /* CategoriesPresenter.swift in Sources */ = {isa = PBXBuildFile; fileRef = D9DAC04829DB4D35003B2B9B /* CategoriesPresenter.swift */; };
/* End PBXBuildFile section */

/* Begin PBXFileReference section */
		2EF9FCDA57A5B73B607A5935 /* Pods-pizzaTestApp.release.xcconfig */ = {isa = PBXFileReference; includeInIndex = 1; lastKnownFileType = text.xcconfig; name = "Pods-pizzaTestApp.release.xcconfig"; path = "Target Support Files/Pods-pizzaTestApp/Pods-pizzaTestApp.release.xcconfig"; sourceTree = "<group>"; };
		411A19B277BE55D00A829547 /* Pods-pizzaTestApp.debug.xcconfig */ = {isa = PBXFileReference; includeInIndex = 1; lastKnownFileType = text.xcconfig; name = "Pods-pizzaTestApp.debug.xcconfig"; path = "Target Support Files/Pods-pizzaTestApp/Pods-pizzaTestApp.debug.xcconfig"; sourceTree = "<group>"; };
		D941C8E029DC1A0C00BD570C /* MenuViewProtocol.swift */ = {isa = PBXFileReference; lastKnownFileType = sourcecode.swift; path = MenuViewProtocol.swift; sourceTree = "<group>"; };
		D941C8E229DC1A2A00BD570C /* MenuViewPresenterProtocol.swift */ = {isa = PBXFileReference; lastKnownFileType = sourcecode.swift; path = MenuViewPresenterProtocol.swift; sourceTree = "<group>"; };
		D941C8E429DC1B7300BD570C /* BuilderProtocol.swift */ = {isa = PBXFileReference; lastKnownFileType = sourcecode.swift; path = BuilderProtocol.swift; sourceTree = "<group>"; };
		D9C00C9929DA1BB600BEEE72 /* pizzaTestApp.app */ = {isa = PBXFileReference; explicitFileType = wrapper.application; includeInIndex = 0; path = pizzaTestApp.app; sourceTree = BUILT_PRODUCTS_DIR; };
		D9C00C9C29DA1BB600BEEE72 /* AppDelegate.swift */ = {isa = PBXFileReference; lastKnownFileType = sourcecode.swift; path = AppDelegate.swift; sourceTree = "<group>"; };
		D9C00C9E29DA1BB600BEEE72 /* SceneDelegate.swift */ = {isa = PBXFileReference; lastKnownFileType = sourcecode.swift; path = SceneDelegate.swift; sourceTree = "<group>"; };
		D9C00CA029DA1BB600BEEE72 /* TabBarViewController.swift */ = {isa = PBXFileReference; lastKnownFileType = sourcecode.swift; path = TabBarViewController.swift; sourceTree = "<group>"; };
		D9C00CA529DA1BBA00BEEE72 /* Assets.xcassets */ = {isa = PBXFileReference; lastKnownFileType = folder.assetcatalog; path = Assets.xcassets; sourceTree = "<group>"; };
		D9C00CA829DA1BBA00BEEE72 /* Base */ = {isa = PBXFileReference; lastKnownFileType = file.storyboard; name = Base; path = Base.lproj/LaunchScreen.storyboard; sourceTree = "<group>"; };
		D9C00CAA29DA1BBA00BEEE72 /* Info.plist */ = {isa = PBXFileReference; lastKnownFileType = text.plist.xml; path = Info.plist; sourceTree = "<group>"; };
		D9C00CB129DA241900BEEE72 /* MenuViewController.swift */ = {isa = PBXFileReference; lastKnownFileType = sourcecode.swift; path = MenuViewController.swift; sourceTree = "<group>"; };
		D9C00CB329DA26F100BEEE72 /* Colors.swift */ = {isa = PBXFileReference; lastKnownFileType = sourcecode.swift; path = Colors.swift; sourceTree = "<group>"; };
		D9C00CB529DA272100BEEE72 /* UIColor+Hex.swift */ = {isa = PBXFileReference; lastKnownFileType = sourcecode.swift; path = "UIColor+Hex.swift"; sourceTree = "<group>"; };
		D9C00CB829DA29F900BEEE72 /* BannerCell.swift */ = {isa = PBXFileReference; lastKnownFileType = sourcecode.swift; path = BannerCell.swift; sourceTree = "<group>"; };
		D9C00CBA29DA2CB900BEEE72 /* UIView+MakeRounded.swift */ = {isa = PBXFileReference; lastKnownFileType = sourcecode.swift; path = "UIView+MakeRounded.swift"; sourceTree = "<group>"; };
		D9C00CBC29DA35B500BEEE72 /* SFUIDisplay-Medium.otf */ = {isa = PBXFileReference; lastKnownFileType = file; path = "SFUIDisplay-Medium.otf"; sourceTree = "<group>"; };
		D9C00CBF29DA365600BEEE72 /* Fonts.swift */ = {isa = PBXFileReference; lastKnownFileType = sourcecode.swift; path = Fonts.swift; sourceTree = "<group>"; };
		D9C00CC129DA396200BEEE72 /* NetworkService.swift */ = {isa = PBXFileReference; lastKnownFileType = sourcecode.swift; path = NetworkService.swift; sourceTree = "<group>"; };
		D9D16FED29DC1CB8007013B8 /* DishesModel.swift */ = {isa = PBXFileReference; fileEncoding = 4; lastKnownFileType = sourcecode.swift; name = DishesModel.swift; path = pizzaTestApp/Modules/MenuModule/Model/DishesModel.swift; sourceTree = SOURCE_ROOT; };
		D9D16FEE29DC1CB8007013B8 /* BannerModel.swift */ = {isa = PBXFileReference; fileEncoding = 4; lastKnownFileType = sourcecode.swift; name = BannerModel.swift; path = pizzaTestApp/Modules/MenuModule/Model/BannerModel.swift; sourceTree = SOURCE_ROOT; };
		D9D16FEF29DC1CB8007013B8 /* CategoryModel.swift */ = {isa = PBXFileReference; fileEncoding = 4; lastKnownFileType = sourcecode.swift; name = CategoryModel.swift; path = pizzaTestApp/Modules/MenuModule/Model/CategoryModel.swift; sourceTree = SOURCE_ROOT; };
		D9DAC02029DACC00003B2B9B /* NetworkServiceProtocol.swift */ = {isa = PBXFileReference; lastKnownFileType = sourcecode.swift; path = NetworkServiceProtocol.swift; sourceTree = "<group>"; };
		D9DAC02329DACD42003B2B9B /* MenuPresenter.swift */ = {isa = PBXFileReference; lastKnownFileType = sourcecode.swift; path = MenuPresenter.swift; sourceTree = "<group>"; };
		D9DAC02629DAD3F6003B2B9B /* ModelBuilder.swift */ = {isa = PBXFileReference; lastKnownFileType = sourcecode.swift; path = ModelBuilder.swift; sourceTree = "<group>"; };
		D9DAC02829DAE049003B2B9B /* CategoriesCell.swift */ = {isa = PBXFileReference; lastKnownFileType = sourcecode.swift; path = CategoriesCell.swift; sourceTree = "<group>"; };
		D9DAC02C29DAE70C003B2B9B /* SectionType.swift */ = {isa = PBXFileReference; lastKnownFileType = sourcecode.swift; path = SectionType.swift; sourceTree = "<group>"; };
		D9DAC02E29DAEA28003B2B9B /* SFUIDisplay-Bold.otf */ = {isa = PBXFileReference; lastKnownFileType = file; path = "SFUIDisplay-Bold.otf"; sourceTree = "<group>"; };
		D9DAC03229DAF8D6003B2B9B /* SFUIDisplay-Regular.ttf */ = {isa = PBXFileReference; lastKnownFileType = file; path = "SFUIDisplay-Regular.ttf"; sourceTree = "<group>"; };
		D9DAC03629DB0F1B003B2B9B /* DishesCell.swift */ = {isa = PBXFileReference; lastKnownFileType = sourcecode.swift; path = DishesCell.swift; sourceTree = "<group>"; };
		D9DAC03829DB1069003B2B9B /* EndPointType.swift */ = {isa = PBXFileReference; lastKnownFileType = sourcecode.swift; path = EndPointType.swift; sourceTree = "<group>"; };
		D9DAC03A29DB1984003B2B9B /* SFUIDisplay-SemiBold.otf */ = {isa = PBXFileReference; lastKnownFileType = file; path = "SFUIDisplay-SemiBold.otf"; sourceTree = "<group>"; };
		D9DAC04229DB2F38003B2B9B /* JSON.json */ = {isa = PBXFileReference; lastKnownFileType = text.json; path = JSON.json; sourceTree = "<group>"; };
		D9DAC04429DB4799003B2B9B /* CategoriesCollectionView.swift */ = {isa = PBXFileReference; lastKnownFileType = sourcecode.swift; path = CategoriesCollectionView.swift; sourceTree = "<group>"; };
		D9DAC04829DB4D35003B2B9B /* CategoriesPresenter.swift */ = {isa = PBXFileReference; lastKnownFileType = sourcecode.swift; path = CategoriesPresenter.swift; sourceTree = "<group>"; };
		E73FC9224701FA75332469CD /* Pods_pizzaTestApp.framework */ = {isa = PBXFileReference; explicitFileType = wrapper.framework; includeInIndex = 0; path = Pods_pizzaTestApp.framework; sourceTree = BUILT_PRODUCTS_DIR; };
/* End PBXFileReference section */

/* Begin PBXFrameworksBuildPhase section */
		D9C00C9629DA1BB600BEEE72 /* Frameworks */ = {
			isa = PBXFrameworksBuildPhase;
			buildActionMask = 2147483647;
			files = (
				7B97269F78BEA2A85187DDF9 /* Pods_pizzaTestApp.framework in Frameworks */,
			);
			runOnlyForDeploymentPostprocessing = 0;
		};
/* End PBXFrameworksBuildPhase section */

/* Begin PBXGroup section */
		2F9CDB4B1998EE0BFA653E73 /* Frameworks */ = {
			isa = PBXGroup;
			children = (
				E73FC9224701FA75332469CD /* Pods_pizzaTestApp.framework */,
			);
			name = Frameworks;
			sourceTree = "<group>";
		};
		A1100B3B19FC1D3143210171 /* Pods */ = {
			isa = PBXGroup;
			children = (
				411A19B277BE55D00A829547 /* Pods-pizzaTestApp.debug.xcconfig */,
				2EF9FCDA57A5B73B607A5935 /* Pods-pizzaTestApp.release.xcconfig */,
			);
			path = Pods;
			sourceTree = "<group>";
		};
		D941C8DF29DC19F300BD570C /* Protocols */ = {
			isa = PBXGroup;
			children = (
				D941C8E029DC1A0C00BD570C /* MenuViewProtocol.swift */,
				D941C8E229DC1A2A00BD570C /* MenuViewPresenterProtocol.swift */,
			);
			path = Protocols;
			sourceTree = "<group>";
		};
		D941C8E629DC1B8C00BD570C /* BaseModule */ = {
			isa = PBXGroup;
			children = (
				D9DAC02629DAD3F6003B2B9B /* ModelBuilder.swift */,
				D941C8E429DC1B7300BD570C /* BuilderProtocol.swift */,
				D9C00CA029DA1BB600BEEE72 /* TabBarViewController.swift */,
			);
			path = BaseModule;
			sourceTree = "<group>";
		};
		D941C8E729DC1B9E00BD570C /* Modules */ = {
			isa = PBXGroup;
			children = (
				D941C8E629DC1B8C00BD570C /* BaseModule */,
				D9C00CC829DA486000BEEE72 /* MenuModule */,
			);
			path = Modules;
			sourceTree = "<group>";
		};
		D9C00C9029DA1BB600BEEE72 = {
			isa = PBXGroup;
			children = (
				D9C00C9B29DA1BB600BEEE72 /* pizzaTestApp */,
				D9C00C9A29DA1BB600BEEE72 /* Products */,
				A1100B3B19FC1D3143210171 /* Pods */,
				2F9CDB4B1998EE0BFA653E73 /* Frameworks */,
			);
			sourceTree = "<group>";
		};
		D9C00C9A29DA1BB600BEEE72 /* Products */ = {
			isa = PBXGroup;
			children = (
				D9C00C9929DA1BB600BEEE72 /* pizzaTestApp.app */,
			);
			name = Products;
			sourceTree = "<group>";
		};
		D9C00C9B29DA1BB600BEEE72 /* pizzaTestApp */ = {
			isa = PBXGroup;
			children = (
				D9C00CB029DA21D400BEEE72 /* Application */,
				D9C00CB729DA28FF00BEEE72 /* GlobalExtensions */,
				D9DAC01F29DA4E87003B2B9B /* Services */,
				D941C8E729DC1B9E00BD570C /* Modules */,
				D9C00CAA29DA1BBA00BEEE72 /* Info.plist */,
			);
			path = pizzaTestApp;
			sourceTree = "<group>";
		};
		D9C00CB029DA21D400BEEE72 /* Application */ = {
			isa = PBXGroup;
			children = (
				D9C00CBE29DA35C800BEEE72 /* Fonts */,
				D9C00CA729DA1BBA00BEEE72 /* LaunchScreen.storyboard */,
				D9C00CA529DA1BBA00BEEE72 /* Assets.xcassets */,
				D9C00C9C29DA1BB600BEEE72 /* AppDelegate.swift */,
				D9C00C9E29DA1BB600BEEE72 /* SceneDelegate.swift */,
				D9C00CB329DA26F100BEEE72 /* Colors.swift */,
				D9C00CBF29DA365600BEEE72 /* Fonts.swift */,
			);
			path = Application;
			sourceTree = "<group>";
		};
		D9C00CB729DA28FF00BEEE72 /* GlobalExtensions */ = {
			isa = PBXGroup;
			children = (
				D9C00CBA29DA2CB900BEEE72 /* UIView+MakeRounded.swift */,
				D9C00CB529DA272100BEEE72 /* UIColor+Hex.swift */,
			);
			path = GlobalExtensions;
			sourceTree = "<group>";
		};
		D9C00CBE29DA35C800BEEE72 /* Fonts */ = {
			isa = PBXGroup;
			children = (
				D9C00CBC29DA35B500BEEE72 /* SFUIDisplay-Medium.otf */,
				D9DAC03A29DB1984003B2B9B /* SFUIDisplay-SemiBold.otf */,
				D9DAC03229DAF8D6003B2B9B /* SFUIDisplay-Regular.ttf */,
				D9DAC02E29DAEA28003B2B9B /* SFUIDisplay-Bold.otf */,
			);
			path = Fonts;
			sourceTree = "<group>";
		};
		D9C00CC629DA484300BEEE72 /* View */ = {
			isa = PBXGroup;
			children = (
				D9C00CB129DA241900BEEE72 /* MenuViewController.swift */,
				D9DAC04629DB4CBA003B2B9B /* CategoriesCollectionView */,
				D9C00CC729DA484E00BEEE72 /* Cells */,
			);
			path = View;
			sourceTree = "<group>";
		};
		D9C00CC729DA484E00BEEE72 /* Cells */ = {
			isa = PBXGroup;
			children = (
				D9DAC03629DB0F1B003B2B9B /* DishesCell.swift */,
				D9C00CB829DA29F900BEEE72 /* BannerCell.swift */,
			);
			path = Cells;
			sourceTree = "<group>";
		};
		D9C00CC829DA486000BEEE72 /* MenuModule */ = {
			isa = PBXGroup;
			children = (
				D9DAC01D29DA48B3003B2B9B /* Model */,
				D9C00CC629DA484300BEEE72 /* View */,
				D9DAC02529DACD49003B2B9B /* Presenter */,
			);
			path = MenuModule;
			sourceTree = "<group>";
		};
		D9DAC01D29DA48B3003B2B9B /* Model */ = {
			isa = PBXGroup;
			children = (
				D9D16FEE29DC1CB8007013B8 /* BannerModel.swift */,
				D9D16FEF29DC1CB8007013B8 /* CategoryModel.swift */,
				D9D16FED29DC1CB8007013B8 /* DishesModel.swift */,
			);
			name = Model;
			path = ../../Model;
			sourceTree = "<group>";
		};
		D9DAC01E29DA4E7D003B2B9B /* Networking */ = {
			isa = PBXGroup;
			children = (
				D9C00CC129DA396200BEEE72 /* NetworkService.swift */,
				D9DAC04229DB2F38003B2B9B /* JSON.json */,
				D9DAC03829DB1069003B2B9B /* EndPointType.swift */,
				D9DAC02229DACC04003B2B9B /* Protocols */,
			);
			path = Networking;
			sourceTree = "<group>";
		};
		D9DAC01F29DA4E87003B2B9B /* Services */ = {
			isa = PBXGroup;
			children = (
				D9DAC01E29DA4E7D003B2B9B /* Networking */,
			);
			path = Services;
			sourceTree = "<group>";
		};
		D9DAC02229DACC04003B2B9B /* Protocols */ = {
			isa = PBXGroup;
			children = (
				D9DAC02029DACC00003B2B9B /* NetworkServiceProtocol.swift */,
			);
			path = Protocols;
			sourceTree = "<group>";
		};
		D9DAC02529DACD49003B2B9B /* Presenter */ = {
			isa = PBXGroup;
			children = (
				D941C8DF29DC19F300BD570C /* Protocols */,
				D9DAC02329DACD42003B2B9B /* MenuPresenter.swift */,
				D9DAC02C29DAE70C003B2B9B /* SectionType.swift */,
			);
			path = Presenter;
			sourceTree = "<group>";
		};
		D9DAC04629DB4CBA003B2B9B /* CategoriesCollectionView */ = {
			isa = PBXGroup;
			children = (
				D9DAC04429DB4799003B2B9B /* CategoriesCollectionView.swift */,
				D9DAC04829DB4D35003B2B9B /* CategoriesPresenter.swift */,
				D9DAC04729DB4CD1003B2B9B /* Cells */,
			);
			path = CategoriesCollectionView;
			sourceTree = "<group>";
		};
		D9DAC04729DB4CD1003B2B9B /* Cells */ = {
			isa = PBXGroup;
			children = (
				D9DAC02829DAE049003B2B9B /* CategoriesCell.swift */,
			);
			path = Cells;
			sourceTree = "<group>";
		};
/* End PBXGroup section */

/* Begin PBXNativeTarget section */
		D9C00C9829DA1BB600BEEE72 /* pizzaTestApp */ = {
			isa = PBXNativeTarget;
			buildConfigurationList = D9C00CAD29DA1BBA00BEEE72 /* Build configuration list for PBXNativeTarget "pizzaTestApp" */;
			buildPhases = (
				348D083E7E6B7A31A9DE665B /* [CP] Check Pods Manifest.lock */,
				D9C00C9529DA1BB600BEEE72 /* Sources */,
				D9C00C9629DA1BB600BEEE72 /* Frameworks */,
				D9C00C9729DA1BB600BEEE72 /* Resources */,
				83CBB32A54B0466EED5EFC85 /* [CP] Embed Pods Frameworks */,
			);
			buildRules = (
			);
			dependencies = (
			);
			name = pizzaTestApp;
			productName = pizzaTestApp;
			productReference = D9C00C9929DA1BB600BEEE72 /* pizzaTestApp.app */;
			productType = "com.apple.product-type.application";
		};
/* End PBXNativeTarget section */

/* Begin PBXProject section */
		D9C00C9129DA1BB600BEEE72 /* Project object */ = {
			isa = PBXProject;
			attributes = {
				BuildIndependentTargetsInParallel = 1;
				LastSwiftUpdateCheck = 1420;
				LastUpgradeCheck = 1420;
				TargetAttributes = {
					D9C00C9829DA1BB600BEEE72 = {
						CreatedOnToolsVersion = 14.2;
					};
				};
			};
			buildConfigurationList = D9C00C9429DA1BB600BEEE72 /* Build configuration list for PBXProject "pizzaTestApp" */;
			compatibilityVersion = "Xcode 13.0";
			developmentRegion = en;
			hasScannedForEncodings = 0;
			knownRegions = (
				en,
				Base,
			);
			mainGroup = D9C00C9029DA1BB600BEEE72;
			productRefGroup = D9C00C9A29DA1BB600BEEE72 /* Products */;
			projectDirPath = "";
			projectRoot = "";
			targets = (
				D9C00C9829DA1BB600BEEE72 /* pizzaTestApp */,
			);
		};
/* End PBXProject section */

/* Begin PBXResourcesBuildPhase section */
		D9C00C9729DA1BB600BEEE72 /* Resources */ = {
			isa = PBXResourcesBuildPhase;
			buildActionMask = 2147483647;
			files = (
				D9C00CA929DA1BBA00BEEE72 /* LaunchScreen.storyboard in Resources */,
				D9DAC03B29DB1984003B2B9B /* SFUIDisplay-SemiBold.otf in Resources */,
				D9C00CBD29DA35B500BEEE72 /* SFUIDisplay-Medium.otf in Resources */,
				D9DAC03329DAF8D6003B2B9B /* SFUIDisplay-Regular.ttf in Resources */,
				D9C00CA629DA1BBA00BEEE72 /* Assets.xcassets in Resources */,
				D9DAC02F29DAEA29003B2B9B /* SFUIDisplay-Bold.otf in Resources */,
				D9DAC04329DB2F38003B2B9B /* JSON.json in Resources */,
			);
			runOnlyForDeploymentPostprocessing = 0;
		};
/* End PBXResourcesBuildPhase section */

/* Begin PBXShellScriptBuildPhase section */
		348D083E7E6B7A31A9DE665B /* [CP] Check Pods Manifest.lock */ = {
			isa = PBXShellScriptBuildPhase;
			buildActionMask = 2147483647;
			files = (
			);
			inputFileListPaths = (
			);
			inputPaths = (
				"${PODS_PODFILE_DIR_PATH}/Podfile.lock",
				"${PODS_ROOT}/Manifest.lock",
			);
			name = "[CP] Check Pods Manifest.lock";
			outputFileListPaths = (
			);
			outputPaths = (
				"$(DERIVED_FILE_DIR)/Pods-pizzaTestApp-checkManifestLockResult.txt",
			);
			runOnlyForDeploymentPostprocessing = 0;
			shellPath = /bin/sh;
			shellScript = "diff \"${PODS_PODFILE_DIR_PATH}/Podfile.lock\" \"${PODS_ROOT}/Manifest.lock\" > /dev/null\nif [ $? != 0 ] ; then\n    # print error to STDERR\n    echo \"error: The sandbox is not in sync with the Podfile.lock. Run 'pod install' or update your CocoaPods installation.\" >&2\n    exit 1\nfi\n# This output is used by Xcode 'outputs' to avoid re-running this script phase.\necho \"SUCCESS\" > \"${SCRIPT_OUTPUT_FILE_0}\"\n";
			showEnvVarsInLog = 0;
		};
		83CBB32A54B0466EED5EFC85 /* [CP] Embed Pods Frameworks */ = {
			isa = PBXShellScriptBuildPhase;
			buildActionMask = 2147483647;
			files = (
			);
			inputFileListPaths = (
				"${PODS_ROOT}/Target Support Files/Pods-pizzaTestApp/Pods-pizzaTestApp-frameworks-${CONFIGURATION}-input-files.xcfilelist",
			);
			name = "[CP] Embed Pods Frameworks";
			outputFileListPaths = (
				"${PODS_ROOT}/Target Support Files/Pods-pizzaTestApp/Pods-pizzaTestApp-frameworks-${CONFIGURATION}-output-files.xcfilelist",
			);
			runOnlyForDeploymentPostprocessing = 0;
			shellPath = /bin/sh;
			shellScript = "\"${PODS_ROOT}/Target Support Files/Pods-pizzaTestApp/Pods-pizzaTestApp-frameworks.sh\"\n";
			showEnvVarsInLog = 0;
		};
/* End PBXShellScriptBuildPhase section */

/* Begin PBXSourcesBuildPhase section */
		D9C00C9529DA1BB600BEEE72 /* Sources */ = {
			isa = PBXSourcesBuildPhase;
			buildActionMask = 2147483647;
			files = (
				D9DAC02929DAE049003B2B9B /* CategoriesCell.swift in Sources */,
				D9C00CC229DA396200BEEE72 /* NetworkService.swift in Sources */,
				D9C00CB929DA29F900BEEE72 /* BannerCell.swift in Sources */,
				D9D16FF129DC1CB8007013B8 /* BannerModel.swift in Sources */,
				D9DAC02D29DAE70C003B2B9B /* SectionType.swift in Sources */,
				D941C8E129DC1A0C00BD570C /* MenuViewProtocol.swift in Sources */,
				D9C00CA129DA1BB600BEEE72 /* TabBarViewController.swift in Sources */,
				D9DAC04929DB4D35003B2B9B /* CategoriesPresenter.swift in Sources */,
				D9DAC02729DAD3F6003B2B9B /* ModelBuilder.swift in Sources */,
				D9D16FF029DC1CB8007013B8 /* DishesModel.swift in Sources */,
				D9DAC03729DB0F1B003B2B9B /* DishesCell.swift in Sources */,
				D941C8E529DC1B7300BD570C /* BuilderProtocol.swift in Sources */,
				D9DAC03929DB1069003B2B9B /* EndPointType.swift in Sources */,
				D9C00CB429DA26F100BEEE72 /* Colors.swift in Sources */,
				D9DAC04529DB4799003B2B9B /* CategoriesCollectionView.swift in Sources */,
				D9C00C9D29DA1BB600BEEE72 /* AppDelegate.swift in Sources */,
				D9C00CB629DA272100BEEE72 /* UIColor+Hex.swift in Sources */,
				D9C00C9F29DA1BB600BEEE72 /* SceneDelegate.swift in Sources */,
				D9DAC02129DACC00003B2B9B /* NetworkServiceProtocol.swift in Sources */,
				D9C00CBB29DA2CB900BEEE72 /* UIView+MakeRounded.swift in Sources */,
				D9C00CC029DA365600BEEE72 /* Fonts.swift in Sources */,
				D941C8E329DC1A2A00BD570C /* MenuViewPresenterProtocol.swift in Sources */,
				D9D16FF229DC1CB8007013B8 /* CategoryModel.swift in Sources */,
				D9DAC02429DACD42003B2B9B /* MenuPresenter.swift in Sources */,
				D9C00CB229DA241900BEEE72 /* MenuViewController.swift in Sources */,
			);
			runOnlyForDeploymentPostprocessing = 0;
		};
/* End PBXSourcesBuildPhase section */

/* Begin PBXVariantGroup section */
		D9C00CA729DA1BBA00BEEE72 /* LaunchScreen.storyboard */ = {
			isa = PBXVariantGroup;
			children = (
				D9C00CA829DA1BBA00BEEE72 /* Base */,
			);
			name = LaunchScreen.storyboard;
			sourceTree = "<group>";
		};
/* End PBXVariantGroup section */

/* Begin XCBuildConfiguration section */
		D9C00CAB29DA1BBA00BEEE72 /* Debug */ = {
			isa = XCBuildConfiguration;
			buildSettings = {
				ALWAYS_SEARCH_USER_PATHS = NO;
				CLANG_ANALYZER_NONNULL = YES;
				CLANG_ANALYZER_NUMBER_OBJECT_CONVERSION = YES_AGGRESSIVE;
				CLANG_CXX_LANGUAGE_STANDARD = "gnu++20";
				CLANG_ENABLE_MODULES = YES;
				CLANG_ENABLE_OBJC_ARC = YES;
				CLANG_ENABLE_OBJC_WEAK = YES;
				CLANG_WARN_BLOCK_CAPTURE_AUTORELEASING = YES;
				CLANG_WARN_BOOL_CONVERSION = YES;
				CLANG_WARN_COMMA = YES;
				CLANG_WARN_CONSTANT_CONVERSION = YES;
				CLANG_WARN_DEPRECATED_OBJC_IMPLEMENTATIONS = YES;
				CLANG_WARN_DIRECT_OBJC_ISA_USAGE = YES_ERROR;
				CLANG_WARN_DOCUMENTATION_COMMENTS = YES;
				CLANG_WARN_EMPTY_BODY = YES;
				CLANG_WARN_ENUM_CONVERSION = YES;
				CLANG_WARN_INFINITE_RECURSION = YES;
				CLANG_WARN_INT_CONVERSION = YES;
				CLANG_WARN_NON_LITERAL_NULL_CONVERSION = YES;
				CLANG_WARN_OBJC_IMPLICIT_RETAIN_SELF = YES;
				CLANG_WARN_OBJC_LITERAL_CONVERSION = YES;
				CLANG_WARN_OBJC_ROOT_CLASS = YES_ERROR;
				CLANG_WARN_QUOTED_INCLUDE_IN_FRAMEWORK_HEADER = YES;
				CLANG_WARN_RANGE_LOOP_ANALYSIS = YES;
				CLANG_WARN_STRICT_PROTOTYPES = YES;
				CLANG_WARN_SUSPICIOUS_MOVE = YES;
				CLANG_WARN_UNGUARDED_AVAILABILITY = YES_AGGRESSIVE;
				CLANG_WARN_UNREACHABLE_CODE = YES;
				CLANG_WARN__DUPLICATE_METHOD_MATCH = YES;
				COPY_PHASE_STRIP = NO;
				DEBUG_INFORMATION_FORMAT = dwarf;
				ENABLE_STRICT_OBJC_MSGSEND = YES;
				ENABLE_TESTABILITY = YES;
				GCC_C_LANGUAGE_STANDARD = gnu11;
				GCC_DYNAMIC_NO_PIC = NO;
				GCC_NO_COMMON_BLOCKS = YES;
				GCC_OPTIMIZATION_LEVEL = 0;
				GCC_PREPROCESSOR_DEFINITIONS = (
					"DEBUG=1",
					"$(inherited)",
				);
				GCC_WARN_64_TO_32_BIT_CONVERSION = YES;
				GCC_WARN_ABOUT_RETURN_TYPE = YES_ERROR;
				GCC_WARN_UNDECLARED_SELECTOR = YES;
				GCC_WARN_UNINITIALIZED_AUTOS = YES_AGGRESSIVE;
				GCC_WARN_UNUSED_FUNCTION = YES;
				GCC_WARN_UNUSED_VARIABLE = YES;
				IPHONEOS_DEPLOYMENT_TARGET = 16.2;
				MTL_ENABLE_DEBUG_INFO = INCLUDE_SOURCE;
				MTL_FAST_MATH = YES;
				ONLY_ACTIVE_ARCH = YES;
				SDKROOT = iphoneos;
				SWIFT_ACTIVE_COMPILATION_CONDITIONS = DEBUG;
				SWIFT_OPTIMIZATION_LEVEL = "-Onone";
			};
			name = Debug;
		};
		D9C00CAC29DA1BBA00BEEE72 /* Release */ = {
			isa = XCBuildConfiguration;
			buildSettings = {
				ALWAYS_SEARCH_USER_PATHS = NO;
				CLANG_ANALYZER_NONNULL = YES;
				CLANG_ANALYZER_NUMBER_OBJECT_CONVERSION = YES_AGGRESSIVE;
				CLANG_CXX_LANGUAGE_STANDARD = "gnu++20";
				CLANG_ENABLE_MODULES = YES;
				CLANG_ENABLE_OBJC_ARC = YES;
				CLANG_ENABLE_OBJC_WEAK = YES;
				CLANG_WARN_BLOCK_CAPTURE_AUTORELEASING = YES;
				CLANG_WARN_BOOL_CONVERSION = YES;
				CLANG_WARN_COMMA = YES;
				CLANG_WARN_CONSTANT_CONVERSION = YES;
				CLANG_WARN_DEPRECATED_OBJC_IMPLEMENTATIONS = YES;
				CLANG_WARN_DIRECT_OBJC_ISA_USAGE = YES_ERROR;
				CLANG_WARN_DOCUMENTATION_COMMENTS = YES;
				CLANG_WARN_EMPTY_BODY = YES;
				CLANG_WARN_ENUM_CONVERSION = YES;
				CLANG_WARN_INFINITE_RECURSION = YES;
				CLANG_WARN_INT_CONVERSION = YES;
				CLANG_WARN_NON_LITERAL_NULL_CONVERSION = YES;
				CLANG_WARN_OBJC_IMPLICIT_RETAIN_SELF = YES;
				CLANG_WARN_OBJC_LITERAL_CONVERSION = YES;
				CLANG_WARN_OBJC_ROOT_CLASS = YES_ERROR;
				CLANG_WARN_QUOTED_INCLUDE_IN_FRAMEWORK_HEADER = YES;
				CLANG_WARN_RANGE_LOOP_ANALYSIS = YES;
				CLANG_WARN_STRICT_PROTOTYPES = YES;
				CLANG_WARN_SUSPICIOUS_MOVE = YES;
				CLANG_WARN_UNGUARDED_AVAILABILITY = YES_AGGRESSIVE;
				CLANG_WARN_UNREACHABLE_CODE = YES;
				CLANG_WARN__DUPLICATE_METHOD_MATCH = YES;
				COPY_PHASE_STRIP = NO;
				DEBUG_INFORMATION_FORMAT = "dwarf-with-dsym";
				ENABLE_NS_ASSERTIONS = NO;
				ENABLE_STRICT_OBJC_MSGSEND = YES;
				GCC_C_LANGUAGE_STANDARD = gnu11;
				GCC_NO_COMMON_BLOCKS = YES;
				GCC_WARN_64_TO_32_BIT_CONVERSION = YES;
				GCC_WARN_ABOUT_RETURN_TYPE = YES_ERROR;
				GCC_WARN_UNDECLARED_SELECTOR = YES;
				GCC_WARN_UNINITIALIZED_AUTOS = YES_AGGRESSIVE;
				GCC_WARN_UNUSED_FUNCTION = YES;
				GCC_WARN_UNUSED_VARIABLE = YES;
				IPHONEOS_DEPLOYMENT_TARGET = 16.2;
				MTL_ENABLE_DEBUG_INFO = NO;
				MTL_FAST_MATH = YES;
				SDKROOT = iphoneos;
				SWIFT_COMPILATION_MODE = wholemodule;
				SWIFT_OPTIMIZATION_LEVEL = "-O";
				VALIDATE_PRODUCT = YES;
			};
			name = Release;
		};
		D9C00CAE29DA1BBA00BEEE72 /* Debug */ = {
			isa = XCBuildConfiguration;
			baseConfigurationReference = 411A19B277BE55D00A829547 /* Pods-pizzaTestApp.debug.xcconfig */;
			buildSettings = {
				ASSETCATALOG_COMPILER_APPICON_NAME = AppIcon;
				ASSETCATALOG_COMPILER_GLOBAL_ACCENT_COLOR_NAME = AccentColor;
				CODE_SIGN_STYLE = Automatic;
				CURRENT_PROJECT_VERSION = 1;
				DEVELOPMENT_TEAM = W3W6QQKF4D;
				GENERATE_INFOPLIST_FILE = YES;
				INFOPLIST_FILE = pizzaTestApp/Info.plist;
				INFOPLIST_KEY_UIApplicationSupportsIndirectInputEvents = YES;
				INFOPLIST_KEY_UILaunchStoryboardName = LaunchScreen;
				INFOPLIST_KEY_UISupportedInterfaceOrientations = UIInterfaceOrientationPortrait;
				INFOPLIST_KEY_UISupportedInterfaceOrientations_iPad = "UIInterfaceOrientationLandscapeLeft UIInterfaceOrientationLandscapeRight UIInterfaceOrientationPortrait UIInterfaceOrientationPortraitUpsideDown";
				IPHONEOS_DEPLOYMENT_TARGET = 14.0;
				LD_RUNPATH_SEARCH_PATHS = (
					"$(inherited)",
					"@executable_path/Frameworks",
				);
				MARKETING_VERSION = 1.0;
				PRODUCT_BUNDLE_IDENTIFIER = kudr7k.pizzaTestApp;
				PRODUCT_NAME = "$(TARGET_NAME)";
				SWIFT_EMIT_LOC_STRINGS = YES;
				SWIFT_VERSION = 5.0;
				TARGETED_DEVICE_FAMILY = "1,2";
			};
			name = Debug;
		};
		D9C00CAF29DA1BBA00BEEE72 /* Release */ = {
			isa = XCBuildConfiguration;
			baseConfigurationReference = 2EF9FCDA57A5B73B607A5935 /* Pods-pizzaTestApp.release.xcconfig */;
			buildSettings = {
				ASSETCATALOG_COMPILER_APPICON_NAME = AppIcon;
				ASSETCATALOG_COMPILER_GLOBAL_ACCENT_COLOR_NAME = AccentColor;
				CODE_SIGN_STYLE = Automatic;
				CURRENT_PROJECT_VERSION = 1;
				DEVELOPMENT_TEAM = W3W6QQKF4D;
				GENERATE_INFOPLIST_FILE = YES;
				INFOPLIST_FILE = pizzaTestApp/Info.plist;
				INFOPLIST_KEY_UIApplicationSupportsIndirectInputEvents = YES;
				INFOPLIST_KEY_UILaunchStoryboardName = LaunchScreen;
				INFOPLIST_KEY_UISupportedInterfaceOrientations = UIInterfaceOrientationPortrait;
				INFOPLIST_KEY_UISupportedInterfaceOrientations_iPad = "UIInterfaceOrientationLandscapeLeft UIInterfaceOrientationLandscapeRight UIInterfaceOrientationPortrait UIInterfaceOrientationPortraitUpsideDown";
				IPHONEOS_DEPLOYMENT_TARGET = 14.0;
				LD_RUNPATH_SEARCH_PATHS = (
					"$(inherited)",
					"@executable_path/Frameworks",
				);
				MARKETING_VERSION = 1.0;
				PRODUCT_BUNDLE_IDENTIFIER = kudr7k.pizzaTestApp;
				PRODUCT_NAME = "$(TARGET_NAME)";
				SWIFT_EMIT_LOC_STRINGS = YES;
				SWIFT_VERSION = 5.0;
				TARGETED_DEVICE_FAMILY = "1,2";
			};
			name = Release;
		};
/* End XCBuildConfiguration section */

/* Begin XCConfigurationList section */
		D9C00C9429DA1BB600BEEE72 /* Build configuration list for PBXProject "pizzaTestApp" */ = {
			isa = XCConfigurationList;
			buildConfigurations = (
				D9C00CAB29DA1BBA00BEEE72 /* Debug */,
				D9C00CAC29DA1BBA00BEEE72 /* Release */,
			);
			defaultConfigurationIsVisible = 0;
			defaultConfigurationName = Release;
		};
		D9C00CAD29DA1BBA00BEEE72 /* Build configuration list for PBXNativeTarget "pizzaTestApp" */ = {
			isa = XCConfigurationList;
			buildConfigurations = (
				D9C00CAE29DA1BBA00BEEE72 /* Debug */,
				D9C00CAF29DA1BBA00BEEE72 /* Release */,
			);
			defaultConfigurationIsVisible = 0;
			defaultConfigurationName = Release;
		};
/* End XCConfigurationList section */
	};
	rootObject = D9C00C9129DA1BB600BEEE72 /* Project object */;
}
